
Microsoft Visual Studio Solution File, Format Version 12.00
# Visual Studio Version 16
VisualStudioVersion = 16.0.29418.71
MinimumVisualStudioVersion = 10.0.40219.1
Project("{FAE04EC0-301F-11D3-BF4B-00C04F79EFBC}") = "DapperEFCorePerformanceBenchmarks", "DapperEFCorePerformanceBenchmarks\DapperEFCorePerformanceBenchmarks.csproj", "{BEEDECD0-FF2D-409A-BC79-EF4362AA5EA6}"
EndProject
Global
	GlobalSection(SolutionConfigurationPlatforms) = preSolution
		Debug|Any CPU = Debug|Any CPU
		Release|Any CPU = Release|Any CPU
	EndGlobalSection
	GlobalSection(ProjectConfigurationPlatforms) = postSolution
		{BEEDECD0-FF2D-409A-BC79-EF4362AA5EA6}.Debug|Any CPU.ActiveCfg = Debug|Any CPU
		{BEEDECD0-FF2D-409A-BC79-EF4362AA5EA6}.Debug|Any CPU.Build.0 = Debug|Any CPU
		{BEEDECD0-FF2D-409A-BC79-EF4362AA5EA6}.Release|Any CPU.ActiveCfg = Release|Any CPU
		{BEEDECD0-FF2D-409A-BC79-EF4362AA5EA6}.Release|Any CPU.Build.0 = Release|Any CPU
	EndGlobalSection
	GlobalSection(SolutionProperties) = preSolution
		HideSolutionNode = FALSE
	EndGlobalSection
	GlobalSection(ExtensibilityGlobals) = postSolution
		SolutionGuid = {96729221-9846-4BE8-AD1A-F660DCDAD93E}
	EndGlobalSection
EndGlobal
